
Microsoft Visual Studio Solution File, Format Version 12.00
# Visual Studio Version 17
VisualStudioVersion = 17.14.37328.6
MinimumVisualStudioVersion = 10.0.40219.1
Project("{FAE04EC0-301F-11D3-BF4B-00C04F79EFBC}") = "CircleArea", "CircleArea\CircleArea.csproj", "{4163E99D-6C68-4595-B4FF-98E2D02FE7FA}"
EndProject
Project("{FAE04EC0-301F-11D3-BF4B-00C04F79EFBC}") = "AreaCalculator", "AreaCalculator\AreaCalculator.csproj", "{04210CAF-5EE4-4EF7-972A-2714DFEFC825}"
EndProject
Project("{FAE04EC0-301F-11D3-BF4B-00C04F79EFBC}") = "SimpleSum", "SimpleSum\SimpleSum.csproj", "{62A4D8C5-73CA-42B3-83CE-B4DF68B9764A}"
EndProject
Project("{FAE04EC0-301F-11D3-BF4B-00C04F79EFBC}") = "SimpleProduct", "SimpleProduct\SimpleProduct.csproj", "{4F5DCD76-777A-4A6D-80BE-BBD8EAB129D9}"
EndProject
Project("{FAE04EC0-301F-11D3-BF4B-00C04F79EFBC}") = "Difference", "Difference\Difference.csproj", "{F67FFF2F-334A-4013-A265-2CEA018FFE40}"
EndProject
Project("{FAE04EC0-301F-11D3-BF4B-00C04F79EFBC}") = "Salary", "Salary\Salary.csproj", "{DF2866E9-C8C5-42B0-B303-E33B46D927CA}"
EndProject
Project("{FAE04EC0-301F-11D3-BF4B-00C04F79EFBC}") = "SimpleCalculate", "SimpleCalculate\SimpleCalculate.csproj", "{788E0167-0879-492C-9D95-D44019F07837}"
EndProject
Project("{FAE04EC0-301F-11D3-BF4B-00C04F79EFBC}") = "Consumption", "Consumption\Consumption.csproj", "{A9A650DC-A1F2-4325-9C2A-AEFC1FD3073E}"
EndProject
Project("{FAE04EC0-301F-11D3-BF4B-00C04F79EFBC}") = "Distance", "Distance\Distance.csproj", "{531ADC2D-CCC6-472C-AB36-1A4C6466ABF2}"
EndProject
Project("{2150E333-8FDC-42A3-9474-1A3956D46DE8}") = "Sequencial Structure", "Sequencial Structure", "{02EA681E-C7D8-13C7-8484-4AC65E1B71E8}"
EndProject
Global
	GlobalSection(SolutionConfigurationPlatforms) = preSolution
		Debug|Any CPU = Debug|Any CPU
		Release|Any CPU = Release|Any CPU
	EndGlobalSection
	GlobalSection(ProjectConfigurationPlatforms) = postSolution
		{4163E99D-6C68-4595-B4FF-98E2D02FE7FA}.Debug|Any CPU.ActiveCfg = Debug|Any CPU
		{4163E99D-6C68-4595-B4FF-98E2D02FE7FA}.Debug|Any CPU.Build.0 = Debug|Any CPU
		{4163E99D-6C68-4595-B4FF-98E2D02FE7FA}.Release|Any CPU.ActiveCfg = Release|Any CPU
		{4163E99D-6C68-4595-B4FF-98E2D02FE7FA}.Release|Any CPU.Build.0 = Release|Any CPU
		{04210CAF-5EE4-4EF7-972A-2714DFEFC825}.Debug|Any CPU.ActiveCfg = Debug|Any CPU
		{04210CAF-5EE4-4EF7-972A-2714DFEFC825}.Debug|Any CPU.Build.0 = Debug|Any CPU
		{04210CAF-5EE4-4EF7-972A-2714DFEFC825}.Release|Any CPU.ActiveCfg = Release|Any CPU
		{04210CAF-5EE4-4EF7-972A-2714DFEFC825}.Release|Any CPU.Build.0 = Release|Any CPU
		{62A4D8C5-73CA-42B3-83CE-B4DF68B9764A}.Debug|Any CPU.ActiveCfg = Debug|Any CPU
		{62A4D8C5-73CA-42B3-83CE-B4DF68B9764A}.Debug|Any CPU.Build.0 = Debug|Any CPU
		{62A4D8C5-73CA-42B3-83CE-B4DF68B9764A}.Release|Any CPU.ActiveCfg = Release|Any CPU
		{62A4D8C5-73CA-42B3-83CE-B4DF68B9764A}.Release|Any CPU.Build.0 = Release|Any CPU
		{4F5DCD76-777A-4A6D-80BE-BBD8EAB129D9}.Debug|Any CPU.ActiveCfg = Debug|Any CPU
		{4F5DCD76-777A-4A6D-80BE-BBD8EAB129D9}.Debug|Any CPU.Build.0 = Debug|Any CPU
		{4F5DCD76-777A-4A6D-80BE-BBD8EAB129D9}.Release|Any CPU.ActiveCfg = Release|Any CPU
		{4F5DCD76-777A-4A6D-80BE-BBD8EAB129D9}.Release|Any CPU.Build.0 = Release|Any CPU
		{F67FFF2F-334A-4013-A265-2CEA018FFE40}.Debug|Any CPU.ActiveCfg = Debug|Any CPU
		{F67FFF2F-334A-4013-A265-2CEA018FFE40}.Debug|Any CPU.Build.0 = Debug|Any CPU
		{F67FFF2F-334A-4013-A265-2CEA018FFE40}.Release|Any CPU.ActiveCfg = Release|Any CPU
		{F67FFF2F-334A-4013-A265-2CEA018FFE40}.Release|Any CPU.Build.0 = Release|Any CPU
		{DF2866E9-C8C5-42B0-B303-E33B46D927CA}.Debug|Any CPU.ActiveCfg = Debug|Any CPU
		{DF2866E9-C8C5-42B0-B303-E33B46D927CA}.Debug|Any CPU.Build.0 = Debug|Any CPU
		{DF2866E9-C8C5-42B0-B303-E33B46D927CA}.Release|Any CPU.ActiveCfg = Release|Any CPU
		{DF2866E9-C8C5-42B0-B303-E33B46D927CA}.Release|Any CPU.Build.0 = Release|Any CPU
		{788E0167-0879-492C-9D95-D44019F07837}.Debug|Any CPU.ActiveCfg = Debug|Any CPU
		{788E0167-0879-492C-9D95-D44019F07837}.Debug|Any CPU.Build.0 = Debug|Any CPU
		{788E0167-0879-492C-9D95-D44019F07837}.Release|Any CPU.ActiveCfg = Release|Any CPU
		{788E0167-0879-492C-9D95-D44019F07837}.Release|Any CPU.Build.0 = Release|Any CPU
		{A9A650DC-A1F2-4325-9C2A-AEFC1FD3073E}.Debug|Any CPU.ActiveCfg = Debug|Any CPU
		{A9A650DC-A1F2-4325-9C2A-AEFC1FD3073E}.Debug|Any CPU.Build.0 = Debug|Any CPU
		{A9A650DC-A1F2-4325-9C2A-AEFC1FD3073E}.Release|Any CPU.ActiveCfg = Release|Any CPU
		{A9A650DC-A1F2-4325-9C2A-AEFC1FD3073E}.Release|Any CPU.Build.0 = Release|Any CPU
		{531ADC2D-CCC6-472C-AB36-1A4C6466ABF2}.Debug|Any CPU.ActiveCfg = Debug|Any CPU
		{531ADC2D-CCC6-472C-AB36-1A4C6466ABF2}.Debug|Any CPU.Build.0 = Debug|Any CPU
		{531ADC2D-CCC6-472C-AB36-1A4C6466ABF2}.Release|Any CPU.ActiveCfg = Release|Any CPU
		{531ADC2D-CCC6-472C-AB36-1A4C6466ABF2}.Release|Any CPU.Build.0 = Release|Any CPU
	EndGlobalSection
	GlobalSection(SolutionProperties) = preSolution
		HideSolutionNode = FALSE
	EndGlobalSection
	GlobalSection(NestedProjects) = preSolution
		{4163E99D-6C68-4595-B4FF-98E2D02FE7FA} = {02EA681E-C7D8-13C7-8484-4AC65E1B71E8}
		{04210CAF-5EE4-4EF7-972A-2714DFEFC825} = {02EA681E-C7D8-13C7-8484-4AC65E1B71E8}
		{62A4D8C5-73CA-42B3-83CE-B4DF68B9764A} = {02EA681E-C7D8-13C7-8484-4AC65E1B71E8}
		{4F5DCD76-777A-4A6D-80BE-BBD8EAB129D9} = {02EA681E-C7D8-13C7-8484-4AC65E1B71E8}
		{F67FFF2F-334A-4013-A265-2CEA018FFE40} = {02EA681E-C7D8-13C7-8484-4AC65E1B71E8}
		{DF2866E9-C8C5-42B0-B303-E33B46D927CA} = {02EA681E-C7D8-13C7-8484-4AC65E1B71E8}
		{788E0167-0879-492C-9D95-D44019F07837} = {02EA681E-C7D8-13C7-8484-4AC65E1B71E8}
		{A9A650DC-A1F2-4325-9C2A-AEFC1FD3073E} = {02EA681E-C7D8-13C7-8484-4AC65E1B71E8}
		{531ADC2D-CCC6-472C-AB36-1A4C6466ABF2} = {02EA681E-C7D8-13C7-8484-4AC65E1B71E8}
	EndGlobalSection
	GlobalSection(ExtensibilityGlobals) = postSolution
		SolutionGuid = {437D55BC-0434-4963-AF3A-57EF15375364}
	EndGlobalSection
EndGlobal
