
Microsoft Visual Studio Solution File, Format Version 12.00
# Visual Studio Version 17
VisualStudioVersion = 17.14.37328.6
MinimumVisualStudioVersion = 10.0.40219.1
Project("{FAE04EC0-301F-11D3-BF4B-00C04F79EFBC}") = "CircleArea", "CircleArea\CircleArea.csproj", "{4163E99D-6C68-4595-B4FF-98E2D02FE7FA}"
EndProject
Project("{FAE04EC0-301F-11D3-BF4B-00C04F79EFBC}") = "AreaCalculator", "AreaCalculator\AreaCalculator.csproj", "{04210CAF-5EE4-4EF7-972A-2714DFEFC825}"
EndProject
Project("{FAE04EC0-301F-11D3-BF4B-00C04F79EFBC}") = "SimpleSum", "SimpleSum\SimpleSum.csproj", "{62A4D8C5-73CA-42B3-83CE-B4DF68B9764A}"
EndProject
Project("{FAE04EC0-301F-11D3-BF4B-00C04F79EFBC}") = "SimpleProduct", "SimpleProduct\SimpleProduct.csproj", "{4F5DCD76-777A-4A6D-80BE-BBD8EAB129D9}"
EndProject
Global
	GlobalSection(SolutionConfigurationPlatforms) = preSolution
		Debug|Any CPU = Debug|Any CPU
		Release|Any CPU = Release|Any CPU
	EndGlobalSection
	GlobalSection(ProjectConfigurationPlatforms) = postSolution
		{4163E99D-6C68-4595-B4FF-98E2D02FE7FA}.Debug|Any CPU.ActiveCfg = Debug|Any CPU
		{4163E99D-6C68-4595-B4FF-98E2D02FE7FA}.Debug|Any CPU.Build.0 = Debug|Any CPU
		{4163E99D-6C68-4595-B4FF-98E2D02FE7FA}.Release|Any CPU.ActiveCfg = Release|Any CPU
		{4163E99D-6C68-4595-B4FF-98E2D02FE7FA}.Release|Any CPU.Build.0 = Release|Any CPU
		{04210CAF-5EE4-4EF7-972A-2714DFEFC825}.Debug|Any CPU.ActiveCfg = Debug|Any CPU
		{04210CAF-5EE4-4EF7-972A-2714DFEFC825}.Debug|Any CPU.Build.0 = Debug|Any CPU
		{04210CAF-5EE4-4EF7-972A-2714DFEFC825}.Release|Any CPU.ActiveCfg = Release|Any CPU
		{04210CAF-5EE4-4EF7-972A-2714DFEFC825}.Release|Any CPU.Build.0 = Release|Any CPU
		{62A4D8C5-73CA-42B3-83CE-B4DF68B9764A}.Debug|Any CPU.ActiveCfg = Debug|Any CPU
		{62A4D8C5-73CA-42B3-83CE-B4DF68B9764A}.Debug|Any CPU.Build.0 = Debug|Any CPU
		{62A4D8C5-73CA-42B3-83CE-B4DF68B9764A}.Release|Any CPU.ActiveCfg = Release|Any CPU
		{62A4D8C5-73CA-42B3-83CE-B4DF68B9764A}.Release|Any CPU.Build.0 = Release|Any CPU
		{4F5DCD76-777A-4A6D-80BE-BBD8EAB129D9}.Debug|Any CPU.ActiveCfg = Debug|Any CPU
		{4F5DCD76-777A-4A6D-80BE-BBD8EAB129D9}.Debug|Any CPU.Build.0 = Debug|Any CPU
		{4F5DCD76-777A-4A6D-80BE-BBD8EAB129D9}.Release|Any CPU.ActiveCfg = Release|Any CPU
		{4F5DCD76-777A-4A6D-80BE-BBD8EAB129D9}.Release|Any CPU.Build.0 = Release|Any CPU
	EndGlobalSection
	GlobalSection(SolutionProperties) = preSolution
		HideSolutionNode = FALSE
	EndGlobalSection
	GlobalSection(ExtensibilityGlobals) = postSolution
		SolutionGuid = {437D55BC-0434-4963-AF3A-57EF15375364}
	EndGlobalSection
EndGlobal
